
Microsoft Visual Studio Solution File, Format Version 12.00
# Visual Studio Version 17
VisualStudioVersion = 17.14.36915.13 d17.14
MinimumVisualStudioVersion = 10.0.40219.1
Project("{FAE04EC0-301F-11D3-BF4B-00C04F79EFBC}") = "TextMeshPro-1.0.55.56.0b9-Editor", "TextMeshPro-1.0.55.56.0b9-Editor\TextMeshPro-1.0.55.56.0b9-Editor.csproj", "{AE52F915-25E8-41A9-8EF9-87CEA489EABA}"
EndProject
Project("{FAE04EC0-301F-11D3-BF4B-00C04F79EFBC}") = "TextMeshPro-1.0.55.56.0b9", "TextMeshPro-1.0.55.56.0b9-Runtime\TextMeshPro-1.0.55.56.0b9.csproj", "{AE52F915-25E8-41A9-8EF9-87CEA489EABB}"
EndProject
Global
	GlobalSection(SolutionConfigurationPlatforms) = preSolution
		Debug|Any CPU = Debug|Any CPU
		Release|Any CPU = Release|Any CPU
	EndGlobalSection
	GlobalSection(ProjectConfigurationPlatforms) = postSolution
		{AE52F915-25E8-41A9-8EF9-87CEA489EABA}.Debug|Any CPU.ActiveCfg = Debug|Any CPU
		{AE52F915-25E8-41A9-8EF9-87CEA489EABA}.Debug|Any CPU.Build.0 = Debug|Any CPU
		{AE52F915-25E8-41A9-8EF9-87CEA489EABA}.Release|Any CPU.ActiveCfg = Release|Any CPU
		{AE52F915-25E8-41A9-8EF9-87CEA489EABA}.Release|Any CPU.Build.0 = Release|Any CPU
		{AE52F915-25E8-41A9-8EF9-87CEA489EABB}.Debug|Any CPU.ActiveCfg = Debug|Any CPU
		{AE52F915-25E8-41A9-8EF9-87CEA489EABB}.Debug|Any CPU.Build.0 = Debug|Any CPU
		{AE52F915-25E8-41A9-8EF9-87CEA489EABB}.Release|Any CPU.ActiveCfg = Release|Any CPU
		{AE52F915-25E8-41A9-8EF9-87CEA489EABB}.Release|Any CPU.Build.0 = Release|Any CPU
	EndGlobalSection
	GlobalSection(SolutionProperties) = preSolution
		HideSolutionNode = FALSE
	EndGlobalSection
	GlobalSection(ExtensibilityGlobals) = postSolution
		SolutionGuid = {CED3C49C-C8EE-44E0-B360-A1FDF6286DC5}
	EndGlobalSection
EndGlobal
